
Microsoft Visual Studio Solution File, Format Version 12.00
# Visual Studio 15
VisualStudioVersion = 15.0.26730.8
MinimumVisualStudioVersion = 10.0.40219.1
Project("{FAE04EC0-301F-11D3-BF4B-00C04F79EFBC}") = "OnlineShop", "OnlineShop\OnlineShop.csproj", "{45D04C4D-7ADA-495C-8CA7-B6DCCDDB4FAE}"
EndProject
Project("{FAE04EC0-301F-11D3-BF4B-00C04F79EFBC}") = "MyTools", "MyTools\MyTools.csproj", "{F56CD7DA-3F6B-43A3-BFAB-68B9D7237664}"
EndProject
Project("{FAE04EC0-301F-11D3-BF4B-00C04F79EFBC}") = "MyModel", "MyModel\MyModel.csproj", "{CAE22F38-BEE4-4A15-B115-95349F488F84}"
EndProject
Global
	GlobalSection(SolutionConfigurationPlatforms) = preSolution
		Debug|Any CPU = Debug|Any CPU
		Release|Any CPU = Release|Any CPU
	EndGlobalSection
	GlobalSection(ProjectConfigurationPlatforms) = postSolution
		{45D04C4D-7ADA-495C-8CA7-B6DCCDDB4FAE}.Debug|Any CPU.ActiveCfg = Debug|Any CPU
		{45D04C4D-7ADA-495C-8CA7-B6DCCDDB4FAE}.Debug|Any CPU.Build.0 = Debug|Any CPU
		{45D04C4D-7ADA-495C-8CA7-B6DCCDDB4FAE}.Release|Any CPU.ActiveCfg = Release|Any CPU
		{45D04C4D-7ADA-495C-8CA7-B6DCCDDB4FAE}.Release|Any CPU.Build.0 = Release|Any CPU
		{F56CD7DA-3F6B-43A3-BFAB-68B9D7237664}.Debug|Any CPU.ActiveCfg = Debug|Any CPU
		{F56CD7DA-3F6B-43A3-BFAB-68B9D7237664}.Debug|Any CPU.Build.0 = Debug|Any CPU
		{F56CD7DA-3F6B-43A3-BFAB-68B9D7237664}.Release|Any CPU.ActiveCfg = Release|Any CPU
		{F56CD7DA-3F6B-43A3-BFAB-68B9D7237664}.Release|Any CPU.Build.0 = Release|Any CPU
		{CAE22F38-BEE4-4A15-B115-95349F488F84}.Debug|Any CPU.ActiveCfg = Debug|Any CPU
		{CAE22F38-BEE4-4A15-B115-95349F488F84}.Debug|Any CPU.Build.0 = Debug|Any CPU
		{CAE22F38-BEE4-4A15-B115-95349F488F84}.Release|Any CPU.ActiveCfg = Release|Any CPU
		{CAE22F38-BEE4-4A15-B115-95349F488F84}.Release|Any CPU.Build.0 = Release|Any CPU
	EndGlobalSection
	GlobalSection(SolutionProperties) = preSolution
		HideSolutionNode = FALSE
	EndGlobalSection
	GlobalSection(ExtensibilityGlobals) = postSolution
		SolutionGuid = {82AB8DAD-5048-45C1-A55F-19004154B0D9}
	EndGlobalSection
EndGlobal
